# This file was autogenerated by Stack.
# You should not edit this file by hand.
# For more information, please see the documentation at:
#   https://docs.haskellstack.org/en/stable/lock_files

packages:
- completed:
    hackage: cassava-0.5.3.0@sha256:06e6dbc0f3467f3d9823321171adc08d6edc639491cadb0ad33b2dca1e530d29,6083
    pantry-tree:
      sha256: f019c04fa24b9cf13ee313047a8d510f04422cebc434867e14322abc18aff112
      size: 1551
  original:
    hackage: cassava-0.5.3.0@sha256:06e6dbc0f3467f3d9823321171adc08d6edc639491cadb0ad33b2dca1e530d29,6083
- completed:
    hackage: Only-0.1@sha256:f92f5da97e647451f1ee7f5bf44914fb75062d08ccd3f36b2000d649c63d13aa,1373
    pantry-tree:
      sha256: e999ae7690fc1e13bb471bc1ead6d7a5c245843d17862d3d27f7f0f752513257
      size: 210
  original:
    hackage: Only-0.1@sha256:f92f5da97e647451f1ee7f5bf44914fb75062d08ccd3f36b2000d649c63d13aa,1373
- completed:
    hackage: attoparsec-0.14.4@sha256:79584bdada8b730cb5138fca8c35c76fbef75fc1d1e01e6b1d815a5ee9843191,5810
    pantry-tree:
      sha256: 5b8e087f73d334019252606b1f64b986cef61946a085ccb77c6bc4d038691c48
      size: 5039
  original:
    hackage: attoparsec-0.14.4@sha256:79584bdada8b730cb5138fca8c35c76fbef75fc1d1e01e6b1d815a5ee9843191,5810
- completed:
    hackage: hashable-1.4.0.2@sha256:0cddd0229d1aac305ea0404409c0bbfab81f075817bd74b8b2929eff58333e55,5005
    pantry-tree:
      sha256: 51dda0aa70849588d074125f324beba1c8736cfa486e7f4a90a798b1d0e6019d
      size: 1248
  original:
    hackage: hashable-1.4.0.2@sha256:0cddd0229d1aac305ea0404409c0bbfab81f075817bd74b8b2929eff58333e55,5005
- completed:
    hackage: scientific-0.3.7.0@sha256:76465a82beb2af6ea83ebd00684acc0ffe659e7da7066329931dc8f02fc97507,4826
    pantry-tree:
      sha256: 2e5436cd8a2d2fa045aadc7619aa06cf18f4f77d01b70d8c517213b718b69a2b
      size: 657
  original:
    hackage: scientific-0.3.7.0@sha256:76465a82beb2af6ea83ebd00684acc0ffe659e7da7066329931dc8f02fc97507,4826
- completed:
    hackage: text-short-0.1.5@sha256:962c6228555debdc46f758d0317dea16e5240d01419b42966674b08a5c3d8fa6,3498
    pantry-tree:
      sha256: 1fc6561c4acb94a41e58cd8f8c7cce161c18c5629dac63a54a9c62f9c778c52b
      size: 727
  original:
    hackage: text-short-0.1.5@sha256:962c6228555debdc46f758d0317dea16e5240d01419b42966674b08a5c3d8fa6,3498
- completed:
    hackage: unordered-containers-0.2.19.1@sha256:7d43e557b32a30eeac22e68b8430384bf829b0b2313761026a7f103395b047d5,3638
    pantry-tree:
      sha256: 1870de393820b94af9efb8fcdd31940543569cdcd3d13296bc224438b2b107d8
      size: 1517
  original:
    hackage: unordered-containers-0.2.19.1@sha256:7d43e557b32a30eeac22e68b8430384bf829b0b2313761026a7f103395b047d5,3638
- completed:
    hackage: vector-0.13.0.0@sha256:ec337a1371bc306658e8338612e975f37a3f7700716441608b7afb66ae356d4c,8774
    pantry-tree:
      sha256: 61263e71050e1c895bb67e4c0f05497419818e8e79b8bff9e3eabf17759e3232
      size: 4092
  original:
    hackage: vector-0.13.0.0@sha256:ec337a1371bc306658e8338612e975f37a3f7700716441608b7afb66ae356d4c,8774
- completed:
    hackage: integer-logarithms-1.0.3.1@sha256:b65e11ec6f4b29c5278716da0544b951a49ab5310608df0fc41eec29f15691d9,3229
    pantry-tree:
      sha256: 804c8c0d77470f84640ee70c66155f770798e295c0a0572e41d071f69e24ca4e
      size: 865
  original:
    hackage: integer-logarithms-1.0.3.1@sha256:b65e11ec6f4b29c5278716da0544b951a49ab5310608df0fc41eec29f15691d9,3229
- completed:
    hackage: primitive-0.7.4.0@sha256:89b88a3e08493b7727fa4089b0692bfbdf7e1e666ef54635f458644eb8358764,2857
    pantry-tree:
      sha256: 71a850c658b70e869da19f61615d87d9d6ecec597f0e3d4b498da56559114829
      size: 1655
  original:
    hackage: primitive-0.7.4.0@sha256:89b88a3e08493b7727fa4089b0692bfbdf7e1e666ef54635f458644eb8358764,2857
- completed:
    hackage: vector-stream-0.1.0.0@sha256:5500b39bd69ba5384638db0b451c8eaf40ef52544355741bd73436b0da9ec3a8,1336
    pantry-tree:
      sha256: 99de0751367cf53df872999edfb9e3c24207cf946442ccccf7487d74c7f12c1d
      size: 325
  original:
    hackage: vector-stream-0.1.0.0@sha256:5500b39bd69ba5384638db0b451c8eaf40ef52544355741bd73436b0da9ec3a8,1336
- completed:
    hackage: hashmap-1.3.3@sha256:831096cd644d1b87f16c1933d19cdf938fe8f3911af7ed68b3e8c0bde4baeba4,2550
    pantry-tree:
      sha256: 82c97bb6ae7d0a2baa050aff9888160fdbe5e68cb25a3da583019f9012ef11aa
      size: 419
  original:
    hackage: hashmap-1.3.3@sha256:831096cd644d1b87f16c1933d19cdf938fe8f3911af7ed68b3e8c0bde4baeba4,2550
- completed:
    hackage: scotty-0.12@sha256:955c5afe944856354cee693e5ca79570cb7a716e29395b715d8d70110c6311c5,5353
    pantry-tree:
      sha256: e72b648fe247341bd5e5c78832c9f405f038aa04c52375415a048bd584040884
      size: 1701
  original:
    hackage: scotty-0.12@sha256:955c5afe944856354cee693e5ca79570cb7a716e29395b715d8d70110c6311c5,5353
snapshots: []
